{
  "name": "ProjetAlten",
  "lockfileVersion": 3,
  "requires": true,
  "packages": {
    "": {
      "dependencies": {
        "shadow-dom-selector": "^5.0.1"
      }
    },
    "node_modules/get-promisable-result": {
      "version": "1.0.1",
      "resolved": "https://registry.npmjs.org/get-promisable-result/-/get-promisable-result-1.0.1.tgz",
      "integrity": "sha512-hUUKs/s8qoeH4gk3NPcKjCWaCjOv0S+kyT3oTuJXneEWYzwmyfEJHESU2ES7pMZNVHTjMt7X8hpmThFfggTVtg==",
      "license": "Apache-2.0"
    },
    "node_modules/shadow-dom-selector": {
      "version": "5.0.1",
      "resolved": "https://registry.npmjs.org/shadow-dom-selector/-/shadow-dom-selector-5.0.1.tgz",
      "integrity": "sha512-f7KFwXGR2DdeQmsFXrjYV3nrYuVAuFUqW0hpwJh/gynMnF/Q8gt+y1n/kPOYj25wo/xFL+EvaUuuZ8EwJ5NYhg==",
      "license": "Apache-2.0",
      "dependencies": {
        "get-promisable-result": "^1.0.1"
      }
    }
  }
}
